
Microsoft Visual Studio Solution File, Format Version 12.00
# Visual Studio Version 16
VisualStudioVersion = 16.0.30114.105
MinimumVisualStudioVersion = 10.0.40219.1
Project("{FAE04EC0-301F-11D3-BF4B-00C04F79EFBC}") = "MagicVilla", "MagicVilla\MagicVilla.csproj", "{14FCECFC-A4F0-4E48-B453-AD7472788462}"
EndProject
Global
	GlobalSection(SolutionConfigurationPlatforms) = preSolution
		Debug|Any CPU = Debug|Any CPU
		Release|Any CPU = Release|Any CPU
	EndGlobalSection
	GlobalSection(ProjectConfigurationPlatforms) = postSolution
		{14FCECFC-A4F0-4E48-B453-AD7472788462}.Debug|Any CPU.ActiveCfg = Debug|Any CPU
		{14FCECFC-A4F0-4E48-B453-AD7472788462}.Debug|Any CPU.Build.0 = Debug|Any CPU
		{14FCECFC-A4F0-4E48-B453-AD7472788462}.Release|Any CPU.ActiveCfg = Release|Any CPU
		{14FCECFC-A4F0-4E48-B453-AD7472788462}.Release|Any CPU.Build.0 = Release|Any CPU
	EndGlobalSection
	GlobalSection(SolutionProperties) = preSolution
		HideSolutionNode = FALSE
	EndGlobalSection
	GlobalSection(ExtensibilityGlobals) = postSolution
		SolutionGuid = {2F53D0B1-F3DE-4869-BD35-2BAF62E42F52}
	EndGlobalSection
EndGlobal
